
Microsoft Visual Studio Solution File, Format Version 12.00
# Visual Studio 15
VisualStudioVersion = 15.0.28010.2050
MinimumVisualStudioVersion = 10.0.40219.1
Project("{9A19103F-16F7-4668-BE54-9A1E7A4F7556}") = "TrafficCameraEventGenerator", "TrafficCameraEventGenerator\TrafficCameraEventGenerator.csproj", "{9FF5C7F0-0D6B-41AB-B637-CD22615AFFD3}"
EndProject
Project("{9A19103F-16F7-4668-BE54-9A1E7A4F7556}") = "TrafficCameraSimulatorModule", "TrafficCameraSimulatorModule\TrafficCameraSimulatorModule.csproj", "{61B189D3-CD07-4A27-892B-36312A8A955A}"
EndProject
Global
	GlobalSection(SolutionConfigurationPlatforms) = preSolution
		Debug|Any CPU = Debug|Any CPU
		Release|Any CPU = Release|Any CPU
	EndGlobalSection
	GlobalSection(ProjectConfigurationPlatforms) = postSolution
		{9FF5C7F0-0D6B-41AB-B637-CD22615AFFD3}.Debug|Any CPU.ActiveCfg = Debug|Any CPU
		{9FF5C7F0-0D6B-41AB-B637-CD22615AFFD3}.Debug|Any CPU.Build.0 = Debug|Any CPU
		{9FF5C7F0-0D6B-41AB-B637-CD22615AFFD3}.Release|Any CPU.ActiveCfg = Release|Any CPU
		{9FF5C7F0-0D6B-41AB-B637-CD22615AFFD3}.Release|Any CPU.Build.0 = Release|Any CPU
		{61B189D3-CD07-4A27-892B-36312A8A955A}.Debug|Any CPU.ActiveCfg = Debug|Any CPU
		{61B189D3-CD07-4A27-892B-36312A8A955A}.Debug|Any CPU.Build.0 = Debug|Any CPU
		{61B189D3-CD07-4A27-892B-36312A8A955A}.Release|Any CPU.ActiveCfg = Release|Any CPU
		{61B189D3-CD07-4A27-892B-36312A8A955A}.Release|Any CPU.Build.0 = Release|Any CPU
	EndGlobalSection
	GlobalSection(SolutionProperties) = preSolution
		HideSolutionNode = FALSE
	EndGlobalSection
	GlobalSection(ExtensibilityGlobals) = postSolution
		SolutionGuid = {72E048B8-4833-466C-BACD-C2A258B4DED6}
	EndGlobalSection
EndGlobal
