
Microsoft Visual Studio Solution File, Format Version 12.00
# Visual Studio 15
VisualStudioVersion = 15.0.28010.2050
MinimumVisualStudioVersion = 10.0.40219.1
Project("{2150E333-8FDC-42A3-9474-1A3956D46DE8}") = "Simulator", "Simulator", "{8BCC216B-42C9-4BDA-83A3-9F3E2E6F6B62}"
EndProject
Project("{9A19103F-16F7-4668-BE54-9A1E7A4F7556}") = "TrafficCameraService", "simulators\TrafficCameraService\TrafficCameraService.csproj", "{BCCE9F76-ACE8-42AF-8D80-1424B0531470}"
EndProject
Project("{9A19103F-16F7-4668-BE54-9A1E7A4F7556}") = "TrafficCameraEventGenerator", "simulators\TrafficCameraEventGenerator\TrafficCameraEventGenerator.csproj", "{60A97851-E329-4D60-B136-AB8B63D53D6A}"
EndProject
Project("{2150E333-8FDC-42A3-9474-1A3956D46DE8}") = "Tests", "Tests", "{E1C4B046-E18F-4DE8-BBBC-F7ACB12F0A2B}"
EndProject
Project("{9A19103F-16F7-4668-BE54-9A1E7A4F7556}") = "TrafficCamera.Tests", "tests\TrafficCamera.Tests\TrafficCamera.Tests.csproj", "{68081DA2-B88F-49CB-83BA-00FA01F3E430}"
EndProject
Project("{2150E333-8FDC-42A3-9474-1A3956D46DE8}") = "Cloud", "Cloud", "{6AFA28AD-D628-449C-BFB4-5D6A86B8EB70}"
EndProject
Project("{9A19103F-16F7-4668-BE54-9A1E7A4F7556}") = "EventGridTrigger", "cloud\EventGridTrigger\EventGridTrigger.csproj", "{C416D5C5-0D74-44C7-AEA0-0508A1789C50}"
EndProject
Project("{9A19103F-16F7-4668-BE54-9A1E7A4F7556}") = "TrafficDisplaySimulatorModule", "simulators\TrafficDisplaySimulatorModule\TrafficDisplaySimulatorModule.csproj", "{71A85C12-560A-4F0D-A505-B7BA1A6AA397}"
EndProject
Global
	GlobalSection(SolutionConfigurationPlatforms) = preSolution
		Debug|Any CPU = Debug|Any CPU
		Release|Any CPU = Release|Any CPU
	EndGlobalSection
	GlobalSection(ProjectConfigurationPlatforms) = postSolution
		{BCCE9F76-ACE8-42AF-8D80-1424B0531470}.Debug|Any CPU.ActiveCfg = Debug|Any CPU
		{BCCE9F76-ACE8-42AF-8D80-1424B0531470}.Debug|Any CPU.Build.0 = Debug|Any CPU
		{BCCE9F76-ACE8-42AF-8D80-1424B0531470}.Release|Any CPU.ActiveCfg = Release|Any CPU
		{BCCE9F76-ACE8-42AF-8D80-1424B0531470}.Release|Any CPU.Build.0 = Release|Any CPU
		{60A97851-E329-4D60-B136-AB8B63D53D6A}.Debug|Any CPU.ActiveCfg = Debug|Any CPU
		{60A97851-E329-4D60-B136-AB8B63D53D6A}.Debug|Any CPU.Build.0 = Debug|Any CPU
		{60A97851-E329-4D60-B136-AB8B63D53D6A}.Release|Any CPU.ActiveCfg = Release|Any CPU
		{60A97851-E329-4D60-B136-AB8B63D53D6A}.Release|Any CPU.Build.0 = Release|Any CPU
		{68081DA2-B88F-49CB-83BA-00FA01F3E430}.Debug|Any CPU.ActiveCfg = Debug|Any CPU
		{68081DA2-B88F-49CB-83BA-00FA01F3E430}.Debug|Any CPU.Build.0 = Debug|Any CPU
		{68081DA2-B88F-49CB-83BA-00FA01F3E430}.Release|Any CPU.ActiveCfg = Release|Any CPU
		{68081DA2-B88F-49CB-83BA-00FA01F3E430}.Release|Any CPU.Build.0 = Release|Any CPU
		{C416D5C5-0D74-44C7-AEA0-0508A1789C50}.Debug|Any CPU.ActiveCfg = Debug|Any CPU
		{C416D5C5-0D74-44C7-AEA0-0508A1789C50}.Debug|Any CPU.Build.0 = Debug|Any CPU
		{C416D5C5-0D74-44C7-AEA0-0508A1789C50}.Release|Any CPU.ActiveCfg = Release|Any CPU
		{C416D5C5-0D74-44C7-AEA0-0508A1789C50}.Release|Any CPU.Build.0 = Release|Any CPU
		{71A85C12-560A-4F0D-A505-B7BA1A6AA397}.Debug|Any CPU.ActiveCfg = Debug|Any CPU
		{71A85C12-560A-4F0D-A505-B7BA1A6AA397}.Debug|Any CPU.Build.0 = Debug|Any CPU
		{71A85C12-560A-4F0D-A505-B7BA1A6AA397}.Release|Any CPU.ActiveCfg = Release|Any CPU
		{71A85C12-560A-4F0D-A505-B7BA1A6AA397}.Release|Any CPU.Build.0 = Release|Any CPU
	EndGlobalSection
	GlobalSection(SolutionProperties) = preSolution
		HideSolutionNode = FALSE
	EndGlobalSection
	GlobalSection(NestedProjects) = preSolution
		{BCCE9F76-ACE8-42AF-8D80-1424B0531470} = {8BCC216B-42C9-4BDA-83A3-9F3E2E6F6B62}
		{60A97851-E329-4D60-B136-AB8B63D53D6A} = {8BCC216B-42C9-4BDA-83A3-9F3E2E6F6B62}
		{68081DA2-B88F-49CB-83BA-00FA01F3E430} = {E1C4B046-E18F-4DE8-BBBC-F7ACB12F0A2B}
		{C416D5C5-0D74-44C7-AEA0-0508A1789C50} = {6AFA28AD-D628-449C-BFB4-5D6A86B8EB70}
		{71A85C12-560A-4F0D-A505-B7BA1A6AA397} = {8BCC216B-42C9-4BDA-83A3-9F3E2E6F6B62}
	EndGlobalSection
	GlobalSection(ExtensibilityGlobals) = postSolution
		SolutionGuid = {20BD8240-683A-4B9F-8767-EE912E0A5EA4}
	EndGlobalSection
EndGlobal
